// !$*UTF8*$!
{
	archiveVersion = 1;
	classes = {
	};
	objectVersion = 51;
	objects = {

/* Begin PBXBuildFile section */
		0DDD53D552F25EAD4DBE60E9 /* Pods_MyMovies_MyMoviesUITests.framework in Frameworks */ = {isa = PBXBuildFile; fileRef = 001636BAF8BBE49AA1429373 /* Pods_MyMovies_MyMoviesUITests.framework */; };
		412CF3F023A85A95004F68F7 /* WatchlistViewController.swift in Sources */ = {isa = PBXBuildFile; fileRef = 412CF3EF23A85A95004F68F7 /* WatchlistViewController.swift */; };
		412D8C9223A7DE5A00F5ACC5 /* MovieSerieDetailCell.swift in Sources */ = {isa = PBXBuildFile; fileRef = 412D8C9123A7DE5A00F5ACC5 /* MovieSerieDetailCell.swift */; };
		41421F1A23A2D10B0080B0FB /* SearchViewController.swift in Sources */ = {isa = PBXBuildFile; fileRef = 41421F1923A2D10B0080B0FB /* SearchViewController.swift */; };
		41421F1C23A2D11A0080B0FB /* FavoritesViewController.swift in Sources */ = {isa = PBXBuildFile; fileRef = 41421F1B23A2D11A0080B0FB /* FavoritesViewController.swift */; };
		41421F1E23A2D1550080B0FB /* NewReleasesViewController.swift in Sources */ = {isa = PBXBuildFile; fileRef = 41421F1D23A2D1550080B0FB /* NewReleasesViewController.swift */; };
		41421F2023A2D1700080B0FB /* MovieSerieDetailViewController.swift in Sources */ = {isa = PBXBuildFile; fileRef = 41421F1F23A2D1700080B0FB /* MovieSerieDetailViewController.swift */; };
		41421F2223A2D2670080B0FB /* NetworkController.swift in Sources */ = {isa = PBXBuildFile; fileRef = 41421F2123A2D2670080B0FB /* NetworkController.swift */; };
		41421F2423A2E60A0080B0FB /* MovieSerieResponse.swift in Sources */ = {isa = PBXBuildFile; fileRef = 41421F2323A2E60A0080B0FB /* MovieSerieResponse.swift */; };
		41421F2623A2E9580080B0FB /* NewReleaseResponse.swift in Sources */ = {isa = PBXBuildFile; fileRef = 41421F2523A2E9580080B0FB /* NewReleaseResponse.swift */; };
		41496E9B23A4FA4B00E08AAF /* MovieSerieCell.swift in Sources */ = {isa = PBXBuildFile; fileRef = 41496E9A23A4FA4B00E08AAF /* MovieSerieCell.swift */; };
		41496E9C23A5547E00E08AAF /* Pods_MyMovies.framework in Frameworks */ = {isa = PBXBuildFile; fileRef = EE6AA8EF2299DDE4B06E8613 /* Pods_MyMovies.framework */; };
		41496E9D23A5547E00E08AAF /* Pods_MyMovies.framework in Embed Frameworks */ = {isa = PBXBuildFile; fileRef = EE6AA8EF2299DDE4B06E8613 /* Pods_MyMovies.framework */; settings = {ATTRIBUTES = (CodeSignOnCopy, RemoveHeadersOnCopy, ); }; };
		41639CCC239EBCB8001F2E96 /* AppDelegate.swift in Sources */ = {isa = PBXBuildFile; fileRef = 41639CCB239EBCB8001F2E96 /* AppDelegate.swift */; };
		41639CCE239EBCB8001F2E96 /* SceneDelegate.swift in Sources */ = {isa = PBXBuildFile; fileRef = 41639CCD239EBCB8001F2E96 /* SceneDelegate.swift */; };
		41639CD3239EBCB8001F2E96 /* Main.storyboard in Resources */ = {isa = PBXBuildFile; fileRef = 41639CD1239EBCB8001F2E96 /* Main.storyboard */; };
		41639CD5239EBCB9001F2E96 /* Assets.xcassets in Resources */ = {isa = PBXBuildFile; fileRef = 41639CD4239EBCB9001F2E96 /* Assets.xcassets */; };
		41639CD8239EBCB9001F2E96 /* LaunchScreen.storyboard in Resources */ = {isa = PBXBuildFile; fileRef = 41639CD6239EBCB9001F2E96 /* LaunchScreen.storyboard */; };
		41639CE3239EBCB9001F2E96 /* MyMoviesTests.swift in Sources */ = {isa = PBXBuildFile; fileRef = 41639CE2239EBCB9001F2E96 /* MyMoviesTests.swift */; };
		41639CEE239EBCB9001F2E96 /* MyMoviesUITests.swift in Sources */ = {isa = PBXBuildFile; fileRef = 41639CED239EBCB9001F2E96 /* MyMoviesUITests.swift */; };
		41639CFF239EBEC6001F2E96 /* MovieSerie.swift in Sources */ = {isa = PBXBuildFile; fileRef = 41639CFE239EBEC6001F2E96 /* MovieSerie.swift */; };
		41639D01239EBED3001F2E96 /* MovieSerieDetail.swift in Sources */ = {isa = PBXBuildFile; fileRef = 41639D00239EBED3001F2E96 /* MovieSerieDetail.swift */; };
		41639D03239EBEDF001F2E96 /* NewRelease.swift in Sources */ = {isa = PBXBuildFile; fileRef = 41639D02239EBEDF001F2E96 /* NewRelease.swift */; };
		41C772EA23A57D9200B080B1 /* DatabaseController.swift in Sources */ = {isa = PBXBuildFile; fileRef = 41C772E923A57D9200B080B1 /* DatabaseController.swift */; };
		8CB241237EC5BBB7B9A7AC8E /* Pods_MyMoviesTests.framework in Frameworks */ = {isa = PBXBuildFile; fileRef = BECE9E2DCB40BD05E2B4C7E5 /* Pods_MyMoviesTests.framework */; };
/* End PBXBuildFile section */

/* Begin PBXContainerItemProxy section */
		41639CDF239EBCB9001F2E96 /* PBXContainerItemProxy */ = {
			isa = PBXContainerItemProxy;
			containerPortal = 41639CC0239EBCB8001F2E96 /* Project object */;
			proxyType = 1;
			remoteGlobalIDString = 41639CC7239EBCB8001F2E96;
			remoteInfo = MyMovies;
		};
		41639CEA239EBCB9001F2E96 /* PBXContainerItemProxy */ = {
			isa = PBXContainerItemProxy;
			containerPortal = 41639CC0239EBCB8001F2E96 /* Project object */;
			proxyType = 1;
			remoteGlobalIDString = 41639CC7239EBCB8001F2E96;
			remoteInfo = MyMovies;
		};
/* End PBXContainerItemProxy section */

/* Begin PBXCopyFilesBuildPhase section */
		41496E9E23A5547E00E08AAF /* Embed Frameworks */ = {
			isa = PBXCopyFilesBuildPhase;
			buildActionMask = 2147483647;
			dstPath = "";
			dstSubfolderSpec = 10;
			files = (
				41496E9D23A5547E00E08AAF /* Pods_MyMovies.framework in Embed Frameworks */,
			);
			name = "Embed Frameworks";
			runOnlyForDeploymentPostprocessing = 0;
		};
/* End PBXCopyFilesBuildPhase section */

/* Begin PBXFileReference section */
		001636BAF8BBE49AA1429373 /* Pods_MyMovies_MyMoviesUITests.framework */ = {isa = PBXFileReference; explicitFileType = wrapper.framework; includeInIndex = 0; path = Pods_MyMovies_MyMoviesUITests.framework; sourceTree = BUILT_PRODUCTS_DIR; };
		093225F1324CC89797CC2AC5 /* Pods-MyMovies.release.xcconfig */ = {isa = PBXFileReference; includeInIndex = 1; lastKnownFileType = text.xcconfig; name = "Pods-MyMovies.release.xcconfig"; path = "Target Support Files/Pods-MyMovies/Pods-MyMovies.release.xcconfig"; sourceTree = "<group>"; };
		1ED013A6F71C335E507B3792 /* Pods-MyMovies-MyMoviesUITests.debug.xcconfig */ = {isa = PBXFileReference; includeInIndex = 1; lastKnownFileType = text.xcconfig; name = "Pods-MyMovies-MyMoviesUITests.debug.xcconfig"; path = "Target Support Files/Pods-MyMovies-MyMoviesUITests/Pods-MyMovies-MyMoviesUITests.debug.xcconfig"; sourceTree = "<group>"; };
		412CF3EF23A85A95004F68F7 /* WatchlistViewController.swift */ = {isa = PBXFileReference; lastKnownFileType = sourcecode.swift; path = WatchlistViewController.swift; sourceTree = "<group>"; };
		412D8C9123A7DE5A00F5ACC5 /* MovieSerieDetailCell.swift */ = {isa = PBXFileReference; lastKnownFileType = sourcecode.swift; path = MovieSerieDetailCell.swift; sourceTree = "<group>"; };
		41421F1923A2D10B0080B0FB /* SearchViewController.swift */ = {isa = PBXFileReference; lastKnownFileType = sourcecode.swift; path = SearchViewController.swift; sourceTree = "<group>"; };
		41421F1B23A2D11A0080B0FB /* FavoritesViewController.swift */ = {isa = PBXFileReference; lastKnownFileType = sourcecode.swift; path = FavoritesViewController.swift; sourceTree = "<group>"; };
		41421F1D23A2D1550080B0FB /* NewReleasesViewController.swift */ = {isa = PBXFileReference; lastKnownFileType = sourcecode.swift; path = NewReleasesViewController.swift; sourceTree = "<group>"; };
		41421F1F23A2D1700080B0FB /* MovieSerieDetailViewController.swift */ = {isa = PBXFileReference; lastKnownFileType = sourcecode.swift; path = MovieSerieDetailViewController.swift; sourceTree = "<group>"; };
		41421F2123A2D2670080B0FB /* NetworkController.swift */ = {isa = PBXFileReference; lastKnownFileType = sourcecode.swift; path = NetworkController.swift; sourceTree = "<group>"; };
		41421F2323A2E60A0080B0FB /* MovieSerieResponse.swift */ = {isa = PBXFileReference; lastKnownFileType = sourcecode.swift; path = MovieSerieResponse.swift; sourceTree = "<group>"; };
		41421F2523A2E9580080B0FB /* NewReleaseResponse.swift */ = {isa = PBXFileReference; lastKnownFileType = sourcecode.swift; path = NewReleaseResponse.swift; sourceTree = "<group>"; };
		41496E9A23A4FA4B00E08AAF /* MovieSerieCell.swift */ = {isa = PBXFileReference; lastKnownFileType = sourcecode.swift; path = MovieSerieCell.swift; sourceTree = "<group>"; };
		41639CC8239EBCB8001F2E96 /* MyMovies.app */ = {isa = PBXFileReference; explicitFileType = wrapper.application; includeInIndex = 0; path = MyMovies.app; sourceTree = BUILT_PRODUCTS_DIR; };
		41639CCB239EBCB8001F2E96 /* AppDelegate.swift */ = {isa = PBXFileReference; lastKnownFileType = sourcecode.swift; path = AppDelegate.swift; sourceTree = "<group>"; };
		41639CCD239EBCB8001F2E96 /* SceneDelegate.swift */ = {isa = PBXFileReference; lastKnownFileType = sourcecode.swift; path = SceneDelegate.swift; sourceTree = "<group>"; };
		41639CD2239EBCB8001F2E96 /* Base */ = {isa = PBXFileReference; lastKnownFileType = file.storyboard; name = Base; path = Base.lproj/Main.storyboard; sourceTree = "<group>"; };
		41639CD4239EBCB9001F2E96 /* Assets.xcassets */ = {isa = PBXFileReference; lastKnownFileType = folder.assetcatalog; path = Assets.xcassets; sourceTree = "<group>"; };
		41639CD7239EBCB9001F2E96 /* Base */ = {isa = PBXFileReference; lastKnownFileType = file.storyboard; name = Base; path = Base.lproj/LaunchScreen.storyboard; sourceTree = "<group>"; };
		41639CD9239EBCB9001F2E96 /* Info.plist */ = {isa = PBXFileReference; lastKnownFileType = text.plist.xml; path = Info.plist; sourceTree = "<group>"; };
		41639CDE239EBCB9001F2E96 /* MyMoviesTests.xctest */ = {isa = PBXFileReference; explicitFileType = wrapper.cfbundle; includeInIndex = 0; path = MyMoviesTests.xctest; sourceTree = BUILT_PRODUCTS_DIR; };
		41639CE2239EBCB9001F2E96 /* MyMoviesTests.swift */ = {isa = PBXFileReference; lastKnownFileType = sourcecode.swift; path = MyMoviesTests.swift; sourceTree = "<group>"; };
		41639CE4239EBCB9001F2E96 /* Info.plist */ = {isa = PBXFileReference; lastKnownFileType = text.plist.xml; path = Info.plist; sourceTree = "<group>"; };
		41639CE9239EBCB9001F2E96 /* MyMoviesUITests.xctest */ = {isa = PBXFileReference; explicitFileType = wrapper.cfbundle; includeInIndex = 0; path = MyMoviesUITests.xctest; sourceTree = BUILT_PRODUCTS_DIR; };
		41639CED239EBCB9001F2E96 /* MyMoviesUITests.swift */ = {isa = PBXFileReference; lastKnownFileType = sourcecode.swift; path = MyMoviesUITests.swift; sourceTree = "<group>"; };
		41639CEF239EBCB9001F2E96 /* Info.plist */ = {isa = PBXFileReference; lastKnownFileType = text.plist.xml; path = Info.plist; sourceTree = "<group>"; };
		41639CFE239EBEC6001F2E96 /* MovieSerie.swift */ = {isa = PBXFileReference; lastKnownFileType = sourcecode.swift; path = MovieSerie.swift; sourceTree = "<group>"; };
		41639D00239EBED3001F2E96 /* MovieSerieDetail.swift */ = {isa = PBXFileReference; lastKnownFileType = sourcecode.swift; path = MovieSerieDetail.swift; sourceTree = "<group>"; };
		41639D02239EBEDF001F2E96 /* NewRelease.swift */ = {isa = PBXFileReference; lastKnownFileType = sourcecode.swift; path = NewRelease.swift; sourceTree = "<group>"; };
		41C772E923A57D9200B080B1 /* DatabaseController.swift */ = {isa = PBXFileReference; lastKnownFileType = sourcecode.swift; path = DatabaseController.swift; sourceTree = "<group>"; };
		52B46F7E7F7417C6FDB64F56 /* Pods-MyMovies.debug.xcconfig */ = {isa = PBXFileReference; includeInIndex = 1; lastKnownFileType = text.xcconfig; name = "Pods-MyMovies.debug.xcconfig"; path = "Target Support Files/Pods-MyMovies/Pods-MyMovies.debug.xcconfig"; sourceTree = "<group>"; };
		6F5E7CB6D48C3F32C9793AE1 /* Pods-MyMoviesTests.release.xcconfig */ = {isa = PBXFileReference; includeInIndex = 1; lastKnownFileType = text.xcconfig; name = "Pods-MyMoviesTests.release.xcconfig"; path = "Target Support Files/Pods-MyMoviesTests/Pods-MyMoviesTests.release.xcconfig"; sourceTree = "<group>"; };
		BA51D7B506A1325C8B49B0FF /* Pods-MyMoviesTests.debug.xcconfig */ = {isa = PBXFileReference; includeInIndex = 1; lastKnownFileType = text.xcconfig; name = "Pods-MyMoviesTests.debug.xcconfig"; path = "Target Support Files/Pods-MyMoviesTests/Pods-MyMoviesTests.debug.xcconfig"; sourceTree = "<group>"; };
		BECE9E2DCB40BD05E2B4C7E5 /* Pods_MyMoviesTests.framework */ = {isa = PBXFileReference; explicitFileType = wrapper.framework; includeInIndex = 0; path = Pods_MyMoviesTests.framework; sourceTree = BUILT_PRODUCTS_DIR; };
		EE6AA8EF2299DDE4B06E8613 /* Pods_MyMovies.framework */ = {isa = PBXFileReference; explicitFileType = wrapper.framework; includeInIndex = 0; path = Pods_MyMovies.framework; sourceTree = BUILT_PRODUCTS_DIR; };
		FA173CBD3922D314F93D96BA /* Pods-MyMovies-MyMoviesUITests.release.xcconfig */ = {isa = PBXFileReference; includeInIndex = 1; lastKnownFileType = text.xcconfig; name = "Pods-MyMovies-MyMoviesUITests.release.xcconfig"; path = "Target Support Files/Pods-MyMovies-MyMoviesUITests/Pods-MyMovies-MyMoviesUITests.release.xcconfig"; sourceTree = "<group>"; };
/* End PBXFileReference section */

/* Begin PBXFrameworksBuildPhase section */
		41639CC5239EBCB8001F2E96 /* Frameworks */ = {
			isa = PBXFrameworksBuildPhase;
			buildActionMask = 2147483647;
			files = (
				41496E9C23A5547E00E08AAF /* Pods_MyMovies.framework in Frameworks */,
			);
			runOnlyForDeploymentPostprocessing = 0;
		};
		41639CDB239EBCB9001F2E96 /* Frameworks */ = {
			isa = PBXFrameworksBuildPhase;
			buildActionMask = 2147483647;
			files = (
				8CB241237EC5BBB7B9A7AC8E /* Pods_MyMoviesTests.framework in Frameworks */,
			);
			runOnlyForDeploymentPostprocessing = 0;
		};
		41639CE6239EBCB9001F2E96 /* Frameworks */ = {
			isa = PBXFrameworksBuildPhase;
			buildActionMask = 2147483647;
			files = (
				0DDD53D552F25EAD4DBE60E9 /* Pods_MyMovies_MyMoviesUITests.framework in Frameworks */,
			);
			runOnlyForDeploymentPostprocessing = 0;
		};
/* End PBXFrameworksBuildPhase section */

/* Begin PBXGroup section */
		08F172C66415F0EE662FD94E /* Frameworks */ = {
			isa = PBXGroup;
			children = (
				EE6AA8EF2299DDE4B06E8613 /* Pods_MyMovies.framework */,
				001636BAF8BBE49AA1429373 /* Pods_MyMovies_MyMoviesUITests.framework */,
				BECE9E2DCB40BD05E2B4C7E5 /* Pods_MyMoviesTests.framework */,
			);
			name = Frameworks;
			sourceTree = "<group>";
		};
		41421F1723A2CFFD0080B0FB /* ViewControllers */ = {
			isa = PBXGroup;
			children = (
				41421F1923A2D10B0080B0FB /* SearchViewController.swift */,
				41421F1B23A2D11A0080B0FB /* FavoritesViewController.swift */,
				41421F1D23A2D1550080B0FB /* NewReleasesViewController.swift */,
				41421F1F23A2D1700080B0FB /* MovieSerieDetailViewController.swift */,
				412CF3EF23A85A95004F68F7 /* WatchlistViewController.swift */,
			);
			path = ViewControllers;
			sourceTree = "<group>";
		};
		41421F1823A2D0070080B0FB /* Controllers */ = {
			isa = PBXGroup;
			children = (
				41421F2123A2D2670080B0FB /* NetworkController.swift */,
				41C772E923A57D9200B080B1 /* DatabaseController.swift */,
			);
			path = Controllers;
			sourceTree = "<group>";
		};
		41496E9723A4F9E300E08AAF /* Special views */ = {
			isa = PBXGroup;
			children = (
				41496E9A23A4FA4B00E08AAF /* MovieSerieCell.swift */,
				412D8C9123A7DE5A00F5ACC5 /* MovieSerieDetailCell.swift */,
			);
			path = "Special views";
			sourceTree = "<group>";
		};
		41639CBF239EBCB8001F2E96 = {
			isa = PBXGroup;
			children = (
				41639CCA239EBCB8001F2E96 /* MyMovies */,
				41639CE1239EBCB9001F2E96 /* MyMoviesTests */,
				41639CEC239EBCB9001F2E96 /* MyMoviesUITests */,
				41639CC9239EBCB8001F2E96 /* Products */,
				D8181294256C9A1ABDE89C1C /* Pods */,
				08F172C66415F0EE662FD94E /* Frameworks */,
			);
			sourceTree = "<group>";
		};
		41639CC9239EBCB8001F2E96 /* Products */ = {
			isa = PBXGroup;
			children = (
				41639CC8239EBCB8001F2E96 /* MyMovies.app */,
				41639CDE239EBCB9001F2E96 /* MyMoviesTests.xctest */,
				41639CE9239EBCB9001F2E96 /* MyMoviesUITests.xctest */,
			);
			name = Products;
			sourceTree = "<group>";
		};
		41639CCA239EBCB8001F2E96 /* MyMovies */ = {
			isa = PBXGroup;
			children = (
				41496E9723A4F9E300E08AAF /* Special views */,
				41421F1823A2D0070080B0FB /* Controllers */,
				41421F1723A2CFFD0080B0FB /* ViewControllers */,
				41639CFB239EBE92001F2E96 /* Models */,
				41639CCB239EBCB8001F2E96 /* AppDelegate.swift */,
				41639CCD239EBCB8001F2E96 /* SceneDelegate.swift */,
				41639CD1239EBCB8001F2E96 /* Main.storyboard */,
				41639CD4239EBCB9001F2E96 /* Assets.xcassets */,
				41639CD6239EBCB9001F2E96 /* LaunchScreen.storyboard */,
				41639CD9239EBCB9001F2E96 /* Info.plist */,
			);
			path = MyMovies;
			sourceTree = "<group>";
		};
		41639CE1239EBCB9001F2E96 /* MyMoviesTests */ = {
			isa = PBXGroup;
			children = (
				41639CE2239EBCB9001F2E96 /* MyMoviesTests.swift */,
				41639CE4239EBCB9001F2E96 /* Info.plist */,
			);
			path = MyMoviesTests;
			sourceTree = "<group>";
		};
		41639CEC239EBCB9001F2E96 /* MyMoviesUITests */ = {
			isa = PBXGroup;
			children = (
				41639CED239EBCB9001F2E96 /* MyMoviesUITests.swift */,
				41639CEF239EBCB9001F2E96 /* Info.plist */,
			);
			path = MyMoviesUITests;
			sourceTree = "<group>";
		};
		41639CFB239EBE92001F2E96 /* Models */ = {
			isa = PBXGroup;
			children = (
				41639CFE239EBEC6001F2E96 /* MovieSerie.swift */,
				41639D00239EBED3001F2E96 /* MovieSerieDetail.swift */,
				41639D02239EBEDF001F2E96 /* NewRelease.swift */,
				41421F2323A2E60A0080B0FB /* MovieSerieResponse.swift */,
				41421F2523A2E9580080B0FB /* NewReleaseResponse.swift */,
			);
			path = Models;
			sourceTree = "<group>";
		};
		D8181294256C9A1ABDE89C1C /* Pods */ = {
			isa = PBXGroup;
			children = (
				52B46F7E7F7417C6FDB64F56 /* Pods-MyMovies.debug.xcconfig */,
				093225F1324CC89797CC2AC5 /* Pods-MyMovies.release.xcconfig */,
				1ED013A6F71C335E507B3792 /* Pods-MyMovies-MyMoviesUITests.debug.xcconfig */,
				FA173CBD3922D314F93D96BA /* Pods-MyMovies-MyMoviesUITests.release.xcconfig */,
				BA51D7B506A1325C8B49B0FF /* Pods-MyMoviesTests.debug.xcconfig */,
				6F5E7CB6D48C3F32C9793AE1 /* Pods-MyMoviesTests.release.xcconfig */,
			);
			path = Pods;
			sourceTree = "<group>";
		};
/* End PBXGroup section */

/* Begin PBXNativeTarget section */
		41639CC7239EBCB8001F2E96 /* MyMovies */ = {
			isa = PBXNativeTarget;
			buildConfigurationList = 41639CF2239EBCB9001F2E96 /* Build configuration list for PBXNativeTarget "MyMovies" */;
			buildPhases = (
				885BFD5063AC211AA3901F29 /* [CP] Check Pods Manifest.lock */,
				41639CC4239EBCB8001F2E96 /* Sources */,
				41639CC5239EBCB8001F2E96 /* Frameworks */,
				41639CC6239EBCB8001F2E96 /* Resources */,
				9CB471148FCDA3AFA7325D53 /* [CP] Embed Pods Frameworks */,
				41496E9E23A5547E00E08AAF /* Embed Frameworks */,
			);
			buildRules = (
			);
			dependencies = (
			);
			name = MyMovies;
			productName = MyMovies;
			productReference = 41639CC8239EBCB8001F2E96 /* MyMovies.app */;
			productType = "com.apple.product-type.application";
		};
		41639CDD239EBCB9001F2E96 /* MyMoviesTests */ = {
			isa = PBXNativeTarget;
			buildConfigurationList = 41639CF5239EBCB9001F2E96 /* Build configuration list for PBXNativeTarget "MyMoviesTests" */;
			buildPhases = (
				E456EFD3BA6B1CADDC0B6D3D /* [CP] Check Pods Manifest.lock */,
				41639CDA239EBCB9001F2E96 /* Sources */,
				41639CDB239EBCB9001F2E96 /* Frameworks */,
				41639CDC239EBCB9001F2E96 /* Resources */,
			);
			buildRules = (
			);
			dependencies = (
				41639CE0239EBCB9001F2E96 /* PBXTargetDependency */,
			);
			name = MyMoviesTests;
			productName = MyMoviesTests;
			productReference = 41639CDE239EBCB9001F2E96 /* MyMoviesTests.xctest */;
			productType = "com.apple.product-type.bundle.unit-test";
		};
		41639CE8239EBCB9001F2E96 /* MyMoviesUITests */ = {
			isa = PBXNativeTarget;
			buildConfigurationList = 41639CF8239EBCB9001F2E96 /* Build configuration list for PBXNativeTarget "MyMoviesUITests" */;
			buildPhases = (
				10F1F6ADFA8F9FCFA7B50EB3 /* [CP] Check Pods Manifest.lock */,
				41639CE5239EBCB9001F2E96 /* Sources */,
				41639CE6239EBCB9001F2E96 /* Frameworks */,
				41639CE7239EBCB9001F2E96 /* Resources */,
				8C8FE1FBCB43F1977EC86A6E /* [CP] Embed Pods Frameworks */,
			);
			buildRules = (
			);
			dependencies = (
				41639CEB239EBCB9001F2E96 /* PBXTargetDependency */,
			);
			name = MyMoviesUITests;
			productName = MyMoviesUITests;
			productReference = 41639CE9239EBCB9001F2E96 /* MyMoviesUITests.xctest */;
			productType = "com.apple.product-type.bundle.ui-testing";
		};
/* End PBXNativeTarget section */

/* Begin PBXProject section */
		41639CC0239EBCB8001F2E96 /* Project object */ = {
			isa = PBXProject;
			attributes = {
				LastSwiftUpdateCheck = 1120;
				LastUpgradeCheck = 1120;
				ORGANIZATIONNAME = "Rob De Putter";
				TargetAttributes = {
					41639CC7239EBCB8001F2E96 = {
						CreatedOnToolsVersion = 11.2.1;
					};
					41639CDD239EBCB9001F2E96 = {
						CreatedOnToolsVersion = 11.2.1;
						TestTargetID = 41639CC7239EBCB8001F2E96;
					};
					41639CE8239EBCB9001F2E96 = {
						CreatedOnToolsVersion = 11.2.1;
						TestTargetID = 41639CC7239EBCB8001F2E96;
					};
				};
			};
			buildConfigurationList = 41639CC3239EBCB8001F2E96 /* Build configuration list for PBXProject "MyMovies" */;
			compatibilityVersion = "Xcode 9.3";
			developmentRegion = en;
			hasScannedForEncodings = 0;
			knownRegions = (
				en,
				Base,
			);
			mainGroup = 41639CBF239EBCB8001F2E96;
			productRefGroup = 41639CC9239EBCB8001F2E96 /* Products */;
			projectDirPath = "";
			projectRoot = "";
			targets = (
				41639CC7239EBCB8001F2E96 /* MyMovies */,
				41639CDD239EBCB9001F2E96 /* MyMoviesTests */,
				41639CE8239EBCB9001F2E96 /* MyMoviesUITests */,
			);
		};
/* End PBXProject section */

/* Begin PBXResourcesBuildPhase section */
		41639CC6239EBCB8001F2E96 /* Resources */ = {
			isa = PBXResourcesBuildPhase;
			buildActionMask = 2147483647;
			files = (
				41639CD8239EBCB9001F2E96 /* LaunchScreen.storyboard in Resources */,
				41639CD5239EBCB9001F2E96 /* Assets.xcassets in Resources */,
				41639CD3239EBCB8001F2E96 /* Main.storyboard in Resources */,
			);
			runOnlyForDeploymentPostprocessing = 0;
		};
		41639CDC239EBCB9001F2E96 /* Resources */ = {
			isa = PBXResourcesBuildPhase;
			buildActionMask = 2147483647;
			files = (
			);
			runOnlyForDeploymentPostprocessing = 0;
		};
		41639CE7239EBCB9001F2E96 /* Resources */ = {
			isa = PBXResourcesBuildPhase;
			buildActionMask = 2147483647;
			files = (
			);
			runOnlyForDeploymentPostprocessing = 0;
		};
/* End PBXResourcesBuildPhase section */

/* Begin PBXShellScriptBuildPhase section */
		10F1F6ADFA8F9FCFA7B50EB3 /* [CP] Check Pods Manifest.lock */ = {
			isa = PBXShellScriptBuildPhase;
			buildActionMask = 2147483647;
			files = (
			);
			inputFileListPaths = (
			);
			inputPaths = (
				"${PODS_PODFILE_DIR_PATH}/Podfile.lock",
				"${PODS_ROOT}/Manifest.lock",
			);
			name = "[CP] Check Pods Manifest.lock";
			outputFileListPaths = (
			);
			outputPaths = (
				"$(DERIVED_FILE_DIR)/Pods-MyMovies-MyMoviesUITests-checkManifestLockResult.txt",
			);
			runOnlyForDeploymentPostprocessing = 0;
			shellPath = /bin/sh;
			shellScript = "diff \"${PODS_PODFILE_DIR_PATH}/Podfile.lock\" \"${PODS_ROOT}/Manifest.lock\" > /dev/null\nif [ $? != 0 ] ; then\n    # print error to STDERR\n    echo \"error: The sandbox is not in sync with the Podfile.lock. Run 'pod install' or update your CocoaPods installation.\" >&2\n    exit 1\nfi\n# This output is used by Xcode 'outputs' to avoid re-running this script phase.\necho \"SUCCESS\" > \"${SCRIPT_OUTPUT_FILE_0}\"\n";
			showEnvVarsInLog = 0;
		};
		885BFD5063AC211AA3901F29 /* [CP] Check Pods Manifest.lock */ = {
			isa = PBXShellScriptBuildPhase;
			buildActionMask = 2147483647;
			files = (
			);
			inputFileListPaths = (
			);
			inputPaths = (
				"${PODS_PODFILE_DIR_PATH}/Podfile.lock",
				"${PODS_ROOT}/Manifest.lock",
			);
			name = "[CP] Check Pods Manifest.lock";
			outputFileListPaths = (
			);
			outputPaths = (
				"$(DERIVED_FILE_DIR)/Pods-MyMovies-checkManifestLockResult.txt",
			);
			runOnlyForDeploymentPostprocessing = 0;
			shellPath = /bin/sh;
			shellScript = "diff \"${PODS_PODFILE_DIR_PATH}/Podfile.lock\" \"${PODS_ROOT}/Manifest.lock\" > /dev/null\nif [ $? != 0 ] ; then\n    # print error to STDERR\n    echo \"error: The sandbox is not in sync with the Podfile.lock. Run 'pod install' or update your CocoaPods installation.\" >&2\n    exit 1\nfi\n# This output is used by Xcode 'outputs' to avoid re-running this script phase.\necho \"SUCCESS\" > \"${SCRIPT_OUTPUT_FILE_0}\"\n";
			showEnvVarsInLog = 0;
		};
		8C8FE1FBCB43F1977EC86A6E /* [CP] Embed Pods Frameworks */ = {
			isa = PBXShellScriptBuildPhase;
			buildActionMask = 2147483647;
			files = (
			);
			inputFileListPaths = (
				"${PODS_ROOT}/Target Support Files/Pods-MyMovies-MyMoviesUITests/Pods-MyMovies-MyMoviesUITests-frameworks-${CONFIGURATION}-input-files.xcfilelist",
			);
			name = "[CP] Embed Pods Frameworks";
			outputFileListPaths = (
				"${PODS_ROOT}/Target Support Files/Pods-MyMovies-MyMoviesUITests/Pods-MyMovies-MyMoviesUITests-frameworks-${CONFIGURATION}-output-files.xcfilelist",
			);
			runOnlyForDeploymentPostprocessing = 0;
			shellPath = /bin/sh;
			shellScript = "\"${PODS_ROOT}/Target Support Files/Pods-MyMovies-MyMoviesUITests/Pods-MyMovies-MyMoviesUITests-frameworks.sh\"\n";
			showEnvVarsInLog = 0;
		};
		9CB471148FCDA3AFA7325D53 /* [CP] Embed Pods Frameworks */ = {
			isa = PBXShellScriptBuildPhase;
			buildActionMask = 2147483647;
			files = (
			);
			inputFileListPaths = (
				"${PODS_ROOT}/Target Support Files/Pods-MyMovies/Pods-MyMovies-frameworks-${CONFIGURATION}-input-files.xcfilelist",
			);
			name = "[CP] Embed Pods Frameworks";
			outputFileListPaths = (
				"${PODS_ROOT}/Target Support Files/Pods-MyMovies/Pods-MyMovies-frameworks-${CONFIGURATION}-output-files.xcfilelist",
			);
			runOnlyForDeploymentPostprocessing = 0;
			shellPath = /bin/sh;
			shellScript = "\"${PODS_ROOT}/Target Support Files/Pods-MyMovies/Pods-MyMovies-frameworks.sh\"\n";
			showEnvVarsInLog = 0;
		};
		E456EFD3BA6B1CADDC0B6D3D /* [CP] Check Pods Manifest.lock */ = {
			isa = PBXShellScriptBuildPhase;
			buildActionMask = 2147483647;
			files = (
			);
			inputFileListPaths = (
			);
			inputPaths = (
				"${PODS_PODFILE_DIR_PATH}/Podfile.lock",
				"${PODS_ROOT}/Manifest.lock",
			);
			name = "[CP] Check Pods Manifest.lock";
			outputFileListPaths = (
			);
			outputPaths = (
				"$(DERIVED_FILE_DIR)/Pods-MyMoviesTests-checkManifestLockResult.txt",
			);
			runOnlyForDeploymentPostprocessing = 0;
			shellPath = /bin/sh;
			shellScript = "diff \"${PODS_PODFILE_DIR_PATH}/Podfile.lock\" \"${PODS_ROOT}/Manifest.lock\" > /dev/null\nif [ $? != 0 ] ; then\n    # print error to STDERR\n    echo \"error: The sandbox is not in sync with the Podfile.lock. Run 'pod install' or update your CocoaPods installation.\" >&2\n    exit 1\nfi\n# This output is used by Xcode 'outputs' to avoid re-running this script phase.\necho \"SUCCESS\" > \"${SCRIPT_OUTPUT_FILE_0}\"\n";
			showEnvVarsInLog = 0;
		};
/* End PBXShellScriptBuildPhase section */

/* Begin PBXSourcesBuildPhase section */
		41639CC4239EBCB8001F2E96 /* Sources */ = {
			isa = PBXSourcesBuildPhase;
			buildActionMask = 2147483647;
			files = (
				41421F2223A2D2670080B0FB /* NetworkController.swift in Sources */,
				41421F2023A2D1700080B0FB /* MovieSerieDetailViewController.swift in Sources */,
				41421F1A23A2D10B0080B0FB /* SearchViewController.swift in Sources */,
				41639CCC239EBCB8001F2E96 /* AppDelegate.swift in Sources */,
				41421F1C23A2D11A0080B0FB /* FavoritesViewController.swift in Sources */,
				41639D03239EBEDF001F2E96 /* NewRelease.swift in Sources */,
				41C772EA23A57D9200B080B1 /* DatabaseController.swift in Sources */,
				41639CCE239EBCB8001F2E96 /* SceneDelegate.swift in Sources */,
				41639CFF239EBEC6001F2E96 /* MovieSerie.swift in Sources */,
				41421F2423A2E60A0080B0FB /* MovieSerieResponse.swift in Sources */,
				412CF3F023A85A95004F68F7 /* WatchlistViewController.swift in Sources */,
				41421F2623A2E9580080B0FB /* NewReleaseResponse.swift in Sources */,
				41639D01239EBED3001F2E96 /* MovieSerieDetail.swift in Sources */,
				41421F1E23A2D1550080B0FB /* NewReleasesViewController.swift in Sources */,
				41496E9B23A4FA4B00E08AAF /* MovieSerieCell.swift in Sources */,
				412D8C9223A7DE5A00F5ACC5 /* MovieSerieDetailCell.swift in Sources */,
			);
			runOnlyForDeploymentPostprocessing = 0;
		};
		41639CDA239EBCB9001F2E96 /* Sources */ = {
			isa = PBXSourcesBuildPhase;
			buildActionMask = 2147483647;
			files = (
				41639CE3239EBCB9001F2E96 /* MyMoviesTests.swift in Sources */,
			);
			runOnlyForDeploymentPostprocessing = 0;
		};
		41639CE5239EBCB9001F2E96 /* Sources */ = {
			isa = PBXSourcesBuildPhase;
			buildActionMask = 2147483647;
			files = (
				41639CEE239EBCB9001F2E96 /* MyMoviesUITests.swift in Sources */,
			);
			runOnlyForDeploymentPostprocessing = 0;
		};
/* End PBXSourcesBuildPhase section */

/* Begin PBXTargetDependency section */
		41639CE0239EBCB9001F2E96 /* PBXTargetDependency */ = {
			isa = PBXTargetDependency;
			target = 41639CC7239EBCB8001F2E96 /* MyMovies */;
			targetProxy = 41639CDF239EBCB9001F2E96 /* PBXContainerItemProxy */;
		};
		41639CEB239EBCB9001F2E96 /* PBXTargetDependency */ = {
			isa = PBXTargetDependency;
			target = 41639CC7239EBCB8001F2E96 /* MyMovies */;
			targetProxy = 41639CEA239EBCB9001F2E96 /* PBXContainerItemProxy */;
		};
/* End PBXTargetDependency section */

/* Begin PBXVariantGroup section */
		41639CD1239EBCB8001F2E96 /* Main.storyboard */ = {
			isa = PBXVariantGroup;
			children = (
				41639CD2239EBCB8001F2E96 /* Base */,
			);
			name = Main.storyboard;
			sourceTree = "<group>";
		};
		41639CD6239EBCB9001F2E96 /* LaunchScreen.storyboard */ = {
			isa = PBXVariantGroup;
			children = (
				41639CD7239EBCB9001F2E96 /* Base */,
			);
			name = LaunchScreen.storyboard;
			sourceTree = "<group>";
		};
/* End PBXVariantGroup section */

/* Begin XCBuildConfiguration section */
		41639CF0239EBCB9001F2E96 /* Debug */ = {
			isa = XCBuildConfiguration;
			buildSettings = {
				ALWAYS_SEARCH_USER_PATHS = NO;
				CLANG_ANALYZER_NONNULL = YES;
				CLANG_ANALYZER_NUMBER_OBJECT_CONVERSION = YES_AGGRESSIVE;
				CLANG_CXX_LANGUAGE_STANDARD = "gnu++14";
				CLANG_CXX_LIBRARY = "libc++";
				CLANG_ENABLE_MODULES = YES;
				CLANG_ENABLE_OBJC_ARC = YES;
				CLANG_ENABLE_OBJC_WEAK = YES;
				CLANG_WARN_BLOCK_CAPTURE_AUTORELEASING = YES;
				CLANG_WARN_BOOL_CONVERSION = YES;
				CLANG_WARN_COMMA = YES;
				CLANG_WARN_CONSTANT_CONVERSION = YES;
				CLANG_WARN_DEPRECATED_OBJC_IMPLEMENTATIONS = YES;
				CLANG_WARN_DIRECT_OBJC_ISA_USAGE = YES_ERROR;
				CLANG_WARN_DOCUMENTATION_COMMENTS = YES;
				CLANG_WARN_EMPTY_BODY = YES;
				CLANG_WARN_ENUM_CONVERSION = YES;
				CLANG_WARN_INFINITE_RECURSION = YES;
				CLANG_WARN_INT_CONVERSION = YES;
				CLANG_WARN_NON_LITERAL_NULL_CONVERSION = YES;
				CLANG_WARN_OBJC_IMPLICIT_RETAIN_SELF = YES;
				CLANG_WARN_OBJC_LITERAL_CONVERSION = YES;
				CLANG_WARN_OBJC_ROOT_CLASS = YES_ERROR;
				CLANG_WARN_RANGE_LOOP_ANALYSIS = YES;
				CLANG_WARN_STRICT_PROTOTYPES = YES;
				CLANG_WARN_SUSPICIOUS_MOVE = YES;
				CLANG_WARN_UNGUARDED_AVAILABILITY = YES_AGGRESSIVE;
				CLANG_WARN_UNREACHABLE_CODE = YES;
				CLANG_WARN__DUPLICATE_METHOD_MATCH = YES;
				COPY_PHASE_STRIP = NO;
				DEBUG_INFORMATION_FORMAT = dwarf;
				ENABLE_STRICT_OBJC_MSGSEND = YES;
				ENABLE_TESTABILITY = YES;
				FRAMEWORK_SEARCH_PATHS = "$(inherited)";
				"FRAMEWORK_SEARCH_PATHS[arch=*]" = "";
				GCC_C_LANGUAGE_STANDARD = gnu11;
				GCC_DYNAMIC_NO_PIC = NO;
				GCC_NO_COMMON_BLOCKS = YES;
				GCC_OPTIMIZATION_LEVEL = 0;
				GCC_PREPROCESSOR_DEFINITIONS = (
					"DEBUG=1",
					"$(inherited)",
				);
				GCC_WARN_64_TO_32_BIT_CONVERSION = YES;
				GCC_WARN_ABOUT_RETURN_TYPE = YES_ERROR;
				GCC_WARN_UNDECLARED_SELECTOR = YES;
				GCC_WARN_UNINITIALIZED_AUTOS = YES_AGGRESSIVE;
				GCC_WARN_UNUSED_FUNCTION = YES;
				GCC_WARN_UNUSED_VARIABLE = YES;
				IPHONEOS_DEPLOYMENT_TARGET = 13.2;
				MTL_ENABLE_DEBUG_INFO = INCLUDE_SOURCE;
				MTL_FAST_MATH = YES;
				ONLY_ACTIVE_ARCH = YES;
				SDKROOT = iphoneos;
				SWIFT_ACTIVE_COMPILATION_CONDITIONS = DEBUG;
				SWIFT_OPTIMIZATION_LEVEL = "-Onone";
			};
			name = Debug;
		};
		41639CF1239EBCB9001F2E96 /* Release */ = {
			isa = XCBuildConfiguration;
			buildSettings = {
				ALWAYS_SEARCH_USER_PATHS = NO;
				CLANG_ANALYZER_NONNULL = YES;
				CLANG_ANALYZER_NUMBER_OBJECT_CONVERSION = YES_AGGRESSIVE;
				CLANG_CXX_LANGUAGE_STANDARD = "gnu++14";
				CLANG_CXX_LIBRARY = "libc++";
				CLANG_ENABLE_MODULES = YES;
				CLANG_ENABLE_OBJC_ARC = YES;
				CLANG_ENABLE_OBJC_WEAK = YES;
				CLANG_WARN_BLOCK_CAPTURE_AUTORELEASING = YES;
				CLANG_WARN_BOOL_CONVERSION = YES;
				CLANG_WARN_COMMA = YES;
				CLANG_WARN_CONSTANT_CONVERSION = YES;
				CLANG_WARN_DEPRECATED_OBJC_IMPLEMENTATIONS = YES;
				CLANG_WARN_DIRECT_OBJC_ISA_USAGE = YES_ERROR;
				CLANG_WARN_DOCUMENTATION_COMMENTS = YES;
				CLANG_WARN_EMPTY_BODY = YES;
				CLANG_WARN_ENUM_CONVERSION = YES;
				CLANG_WARN_INFINITE_RECURSION = YES;
				CLANG_WARN_INT_CONVERSION = YES;
				CLANG_WARN_NON_LITERAL_NULL_CONVERSION = YES;
				CLANG_WARN_OBJC_IMPLICIT_RETAIN_SELF = YES;
				CLANG_WARN_OBJC_LITERAL_CONVERSION = YES;
				CLANG_WARN_OBJC_ROOT_CLASS = YES_ERROR;
				CLANG_WARN_RANGE_LOOP_ANALYSIS = YES;
				CLANG_WARN_STRICT_PROTOTYPES = YES;
				CLANG_WARN_SUSPICIOUS_MOVE = YES;
				CLANG_WARN_UNGUARDED_AVAILABILITY = YES_AGGRESSIVE;
				CLANG_WARN_UNREACHABLE_CODE = YES;
				CLANG_WARN__DUPLICATE_METHOD_MATCH = YES;
				COPY_PHASE_STRIP = NO;
				DEBUG_INFORMATION_FORMAT = "dwarf-with-dsym";
				ENABLE_NS_ASSERTIONS = NO;
				ENABLE_STRICT_OBJC_MSGSEND = YES;
				FRAMEWORK_SEARCH_PATHS = "$(inherited)";
				GCC_C_LANGUAGE_STANDARD = gnu11;
				GCC_NO_COMMON_BLOCKS = YES;
				GCC_WARN_64_TO_32_BIT_CONVERSION = YES;
				GCC_WARN_ABOUT_RETURN_TYPE = YES_ERROR;
				GCC_WARN_UNDECLARED_SELECTOR = YES;
				GCC_WARN_UNINITIALIZED_AUTOS = YES_AGGRESSIVE;
				GCC_WARN_UNUSED_FUNCTION = YES;
				GCC_WARN_UNUSED_VARIABLE = YES;
				IPHONEOS_DEPLOYMENT_TARGET = 13.2;
				MTL_ENABLE_DEBUG_INFO = NO;
				MTL_FAST_MATH = YES;
				SDKROOT = iphoneos;
				SWIFT_COMPILATION_MODE = wholemodule;
				SWIFT_OPTIMIZATION_LEVEL = "-O";
				VALIDATE_PRODUCT = YES;
			};
			name = Release;
		};
		41639CF3239EBCB9001F2E96 /* Debug */ = {
			isa = XCBuildConfiguration;
			baseConfigurationReference = 52B46F7E7F7417C6FDB64F56 /* Pods-MyMovies.debug.xcconfig */;
			buildSettings = {
				ALWAYS_SEARCH_USER_PATHS = YES;
				ASSETCATALOG_COMPILER_APPICON_NAME = AppIcon;
				CODE_SIGN_STYLE = Automatic;
				DEVELOPMENT_TEAM = GPC87JXMXD;
				FRAMEWORK_SEARCH_PATHS = (
					"$(inherited)",
					"\"${PODS_CONFIGURATION_BUILD_DIR}/RealmSwift\"",
				);
				INFOPLIST_FILE = MyMovies/Info.plist;
				LD_RUNPATH_SEARCH_PATHS = (
					"$(inherited)",
					"@executable_path/Frameworks",
				);
				PRODUCT_BUNDLE_IDENTIFIER = com.example.MyMovies12345;
				PRODUCT_NAME = "$(TARGET_NAME)";
				SWIFT_VERSION = 5.0;
				TARGETED_DEVICE_FAMILY = "1,2";
			};
			name = Debug;
		};
		41639CF4239EBCB9001F2E96 /* Release */ = {
			isa = XCBuildConfiguration;
			baseConfigurationReference = 093225F1324CC89797CC2AC5 /* Pods-MyMovies.release.xcconfig */;
			buildSettings = {
				ALWAYS_SEARCH_USER_PATHS = YES;
				ASSETCATALOG_COMPILER_APPICON_NAME = AppIcon;
				CODE_SIGN_STYLE = Automatic;
				DEVELOPMENT_TEAM = GPC87JXMXD;
				FRAMEWORK_SEARCH_PATHS = (
					"$(inherited)",
					"\"${PODS_CONFIGURATION_BUILD_DIR}/RealmSwift\"",
				);
				INFOPLIST_FILE = MyMovies/Info.plist;
				LD_RUNPATH_SEARCH_PATHS = (
					"$(inherited)",
					"@executable_path/Frameworks",
				);
				PRODUCT_BUNDLE_IDENTIFIER = com.example.MyMovies12345;
				PRODUCT_NAME = "$(TARGET_NAME)";
				SWIFT_VERSION = 5.0;
				TARGETED_DEVICE_FAMILY = "1,2";
			};
			name = Release;
		};
		41639CF6239EBCB9001F2E96 /* Debug */ = {
			isa = XCBuildConfiguration;
			baseConfigurationReference = BA51D7B506A1325C8B49B0FF /* Pods-MyMoviesTests.debug.xcconfig */;
			buildSettings = {
				ALWAYS_EMBED_SWIFT_STANDARD_LIBRARIES = NO;
				BUNDLE_LOADER = "$(TEST_HOST)";
				CODE_SIGN_STYLE = Automatic;
				DEVELOPMENT_TEAM = GPC87JXMXD;
				INFOPLIST_FILE = MyMoviesTests/Info.plist;
				IPHONEOS_DEPLOYMENT_TARGET = 13.2;
				LD_RUNPATH_SEARCH_PATHS = (
					"$(inherited)",
					"@executable_path/Frameworks",
					"@loader_path/Frameworks",
				);
				PRODUCT_BUNDLE_IDENTIFIER = com.example.MyMoviesTests;
				PRODUCT_NAME = "$(TARGET_NAME)";
				SWIFT_VERSION = 5.0;
				TARGETED_DEVICE_FAMILY = "1,2";
				TEST_HOST = "$(BUILT_PRODUCTS_DIR)/MyMovies.app/MyMovies";
			};
			name = Debug;
		};
		41639CF7239EBCB9001F2E96 /* Release */ = {
			isa = XCBuildConfiguration;
			baseConfigurationReference = 6F5E7CB6D48C3F32C9793AE1 /* Pods-MyMoviesTests.release.xcconfig */;
			buildSettings = {
				ALWAYS_EMBED_SWIFT_STANDARD_LIBRARIES = NO;
				BUNDLE_LOADER = "$(TEST_HOST)";
				CODE_SIGN_STYLE = Automatic;
				DEVELOPMENT_TEAM = GPC87JXMXD;
				INFOPLIST_FILE = MyMoviesTests/Info.plist;
				IPHONEOS_DEPLOYMENT_TARGET = 13.2;
				LD_RUNPATH_SEARCH_PATHS = (
					"$(inherited)",
					"@executable_path/Frameworks",
					"@loader_path/Frameworks",
				);
				PRODUCT_BUNDLE_IDENTIFIER = com.example.MyMoviesTests;
				PRODUCT_NAME = "$(TARGET_NAME)";
				SWIFT_VERSION = 5.0;
				TARGETED_DEVICE_FAMILY = "1,2";
				TEST_HOST = "$(BUILT_PRODUCTS_DIR)/MyMovies.app/MyMovies";
			};
			name = Release;
		};
		41639CF9239EBCB9001F2E96 /* Debug */ = {
			isa = XCBuildConfiguration;
			baseConfigurationReference = 1ED013A6F71C335E507B3792 /* Pods-MyMovies-MyMoviesUITests.debug.xcconfig */;
			buildSettings = {
				ALWAYS_EMBED_SWIFT_STANDARD_LIBRARIES = NO;
				CODE_SIGN_STYLE = Automatic;
				DEVELOPMENT_TEAM = GPC87JXMXD;
				INFOPLIST_FILE = MyMoviesUITests/Info.plist;
				LD_RUNPATH_SEARCH_PATHS = (
					"$(inherited)",
					"@executable_path/Frameworks",
					"@loader_path/Frameworks",
				);
				PRODUCT_BUNDLE_IDENTIFIER = com.example.MyMoviesUITests;
				PRODUCT_NAME = "$(TARGET_NAME)";
				SWIFT_VERSION = 5.0;
				TARGETED_DEVICE_FAMILY = "1,2";
				TEST_TARGET_NAME = MyMovies;
			};
			name = Debug;
		};
		41639CFA239EBCB9001F2E96 /* Release */ = {
			isa = XCBuildConfiguration;
			baseConfigurationReference = FA173CBD3922D314F93D96BA /* Pods-MyMovies-MyMoviesUITests.release.xcconfig */;
			buildSettings = {
				ALWAYS_EMBED_SWIFT_STANDARD_LIBRARIES = NO;
				CODE_SIGN_STYLE = Automatic;
				DEVELOPMENT_TEAM = GPC87JXMXD;
				INFOPLIST_FILE = MyMoviesUITests/Info.plist;
				LD_RUNPATH_SEARCH_PATHS = (
					"$(inherited)",
					"@executable_path/Frameworks",
					"@loader_path/Frameworks",
				);
				PRODUCT_BUNDLE_IDENTIFIER = com.example.MyMoviesUITests;
				PRODUCT_NAME = "$(TARGET_NAME)";
				SWIFT_VERSION = 5.0;
				TARGETED_DEVICE_FAMILY = "1,2";
				TEST_TARGET_NAME = MyMovies;
			};
			name = Release;
		};
/* End XCBuildConfiguration section */

/* Begin XCConfigurationList section */
		41639CC3239EBCB8001F2E96 /* Build configuration list for PBXProject "MyMovies" */ = {
			isa = XCConfigurationList;
			buildConfigurations = (
				41639CF0239EBCB9001F2E96 /* Debug */,
				41639CF1239EBCB9001F2E96 /* Release */,
			);
			defaultConfigurationIsVisible = 0;
			defaultConfigurationName = Release;
		};
		41639CF2239EBCB9001F2E96 /* Build configuration list for PBXNativeTarget "MyMovies" */ = {
			isa = XCConfigurationList;
			buildConfigurations = (
				41639CF3239EBCB9001F2E96 /* Debug */,
				41639CF4239EBCB9001F2E96 /* Release */,
			);
			defaultConfigurationIsVisible = 0;
			defaultConfigurationName = Release;
		};
		41639CF5239EBCB9001F2E96 /* Build configuration list for PBXNativeTarget "MyMoviesTests" */ = {
			isa = XCConfigurationList;
			buildConfigurations = (
				41639CF6239EBCB9001F2E96 /* Debug */,
				41639CF7239EBCB9001F2E96 /* Release */,
			);
			defaultConfigurationIsVisible = 0;
			defaultConfigurationName = Release;
		};
		41639CF8239EBCB9001F2E96 /* Build configuration list for PBXNativeTarget "MyMoviesUITests" */ = {
			isa = XCConfigurationList;
			buildConfigurations = (
				41639CF9239EBCB9001F2E96 /* Debug */,
				41639CFA239EBCB9001F2E96 /* Release */,
			);
			defaultConfigurationIsVisible = 0;
			defaultConfigurationName = Release;
		};
/* End XCConfigurationList section */
	};
	rootObject = 41639CC0239EBCB8001F2E96 /* Project object */;
}
